// !$*UTF8*$!
{
	archiveVersion = 1;
	classes = {
	};
	objectVersion = 50;
	objects = {

/* Begin PBXBuildFile section */
		170650DB253AEC09004B4C9C /* HealthCheckApp.swift in Sources */ = {isa = PBXBuildFile; fileRef = 170650DA253AEC09004B4C9C /* HealthCheckApp.swift */; };
		170650DD253AEC09004B4C9C /* HomeView.swift in Sources */ = {isa = PBXBuildFile; fileRef = 170650DC253AEC09004B4C9C /* HomeView.swift */; };
		170650DF253AEC0C004B4C9C /* Assets.xcassets in Resources */ = {isa = PBXBuildFile; fileRef = 170650DE253AEC0C004B4C9C /* Assets.xcassets */; };
		170650E2253AEC0C004B4C9C /* Preview Assets.xcassets in Resources */ = {isa = PBXBuildFile; fileRef = 170650E1253AEC0C004B4C9C /* Preview Assets.xcassets */; };
		170650ED253AF205004B4C9C /* WelcomeView.swift in Sources */ = {isa = PBXBuildFile; fileRef = 170650EC253AF205004B4C9C /* WelcomeView.swift */; };
		17464B00253AFC4F0003E158 /* HealthKit.framework in Frameworks */ = {isa = PBXBuildFile; fileRef = 17464AFF253AFC4F0003E158 /* HealthKit.framework */; };
		17464B04253AFF740003E158 /* HealthKitHelper.swift in Sources */ = {isa = PBXBuildFile; fileRef = 17464B03253AFF740003E158 /* HealthKitHelper.swift */; };
/* End PBXBuildFile section */

/* Begin PBXFileReference section */
		170650D7253AEC09004B4C9C /* HealthCheck.app */ = {isa = PBXFileReference; explicitFileType = wrapper.application; includeInIndex = 0; path = HealthCheck.app; sourceTree = BUILT_PRODUCTS_DIR; };
		170650DA253AEC09004B4C9C /* HealthCheckApp.swift */ = {isa = PBXFileReference; lastKnownFileType = sourcecode.swift; path = HealthCheckApp.swift; sourceTree = "<group>"; };
		170650DC253AEC09004B4C9C /* HomeView.swift */ = {isa = PBXFileReference; lastKnownFileType = sourcecode.swift; path = HomeView.swift; sourceTree = "<group>"; };
		170650DE253AEC0C004B4C9C /* Assets.xcassets */ = {isa = PBXFileReference; lastKnownFileType = folder.assetcatalog; path = Assets.xcassets; sourceTree = "<group>"; };
		170650E1253AEC0C004B4C9C /* Preview Assets.xcassets */ = {isa = PBXFileReference; lastKnownFileType = folder.assetcatalog; path = "Preview Assets.xcassets"; sourceTree = "<group>"; };
		170650E3253AEC0C004B4C9C /* Info.plist */ = {isa = PBXFileReference; lastKnownFileType = text.plist.xml; path = Info.plist; sourceTree = "<group>"; };
		170650EC253AF205004B4C9C /* WelcomeView.swift */ = {isa = PBXFileReference; lastKnownFileType = sourcecode.swift; path = WelcomeView.swift; sourceTree = "<group>"; };
		17464AFD253AFC4F0003E158 /* HealthCheck.entitlements */ = {isa = PBXFileReference; lastKnownFileType = text.plist.entitlements; path = HealthCheck.entitlements; sourceTree = "<group>"; };
		17464AFF253AFC4F0003E158 /* HealthKit.framework */ = {isa = PBXFileReference; lastKnownFileType = wrapper.framework; name = HealthKit.framework; path = System/Library/Frameworks/HealthKit.framework; sourceTree = SDKROOT; };
		17464B03253AFF740003E158 /* HealthKitHelper.swift */ = {isa = PBXFileReference; lastKnownFileType = sourcecode.swift; path = HealthKitHelper.swift; sourceTree = "<group>"; };
/* End PBXFileReference section */

/* Begin PBXFrameworksBuildPhase section */
		170650D4253AEC09004B4C9C /* Frameworks */ = {
			isa = PBXFrameworksBuildPhase;
			buildActionMask = 2147483647;
			files = (
				17464B00253AFC4F0003E158 /* HealthKit.framework in Frameworks */,
			);
			runOnlyForDeploymentPostprocessing = 0;
		};
/* End PBXFrameworksBuildPhase section */

/* Begin PBXGroup section */
		170650CE253AEC09004B4C9C = {
			isa = PBXGroup;
			children = (
				170650D9253AEC09004B4C9C /* HealthCheck */,
				170650D8253AEC09004B4C9C /* Products */,
				17464AFE253AFC4F0003E158 /* Frameworks */,
			);
			sourceTree = "<group>";
		};
		170650D8253AEC09004B4C9C /* Products */ = {
			isa = PBXGroup;
			children = (
				170650D7253AEC09004B4C9C /* HealthCheck.app */,
			);
			name = Products;
			sourceTree = "<group>";
		};
		170650D9253AEC09004B4C9C /* HealthCheck */ = {
			isa = PBXGroup;
			children = (
				17464B02253AFF440003E158 /* HealthKit Helper */,
				17464AFD253AFC4F0003E158 /* HealthCheck.entitlements */,
				170650EB253AF1E5004B4C9C /* Models */,
				170650EA253AF1DD004B4C9C /* Views */,
				170650DA253AEC09004B4C9C /* HealthCheckApp.swift */,
				170650DE253AEC0C004B4C9C /* Assets.xcassets */,
				170650E3253AEC0C004B4C9C /* Info.plist */,
				170650E0253AEC0C004B4C9C /* Preview Content */,
			);
			path = HealthCheck;
			sourceTree = "<group>";
		};
		170650E0253AEC0C004B4C9C /* Preview Content */ = {
			isa = PBXGroup;
			children = (
				170650E1253AEC0C004B4C9C /* Preview Assets.xcassets */,
			);
			path = "Preview Content";
			sourceTree = "<group>";
		};
		170650EA253AF1DD004B4C9C /* Views */ = {
			isa = PBXGroup;
			children = (
				170650DC253AEC09004B4C9C /* HomeView.swift */,
				170650EC253AF205004B4C9C /* WelcomeView.swift */,
			);
			path = Views;
			sourceTree = "<group>";
		};
		170650EB253AF1E5004B4C9C /* Models */ = {
			isa = PBXGroup;
			children = (
			);
			path = Models;
			sourceTree = "<group>";
		};
		17464AFE253AFC4F0003E158 /* Frameworks */ = {
			isa = PBXGroup;
			children = (
				17464AFF253AFC4F0003E158 /* HealthKit.framework */,
			);
			name = Frameworks;
			sourceTree = "<group>";
		};
		17464B02253AFF440003E158 /* HealthKit Helper */ = {
			isa = PBXGroup;
			children = (
				17464B03253AFF740003E158 /* HealthKitHelper.swift */,
			);
			path = "HealthKit Helper";
			sourceTree = "<group>";
		};
/* End PBXGroup section */

/* Begin PBXNativeTarget section */
		170650D6253AEC09004B4C9C /* HealthCheck */ = {
			isa = PBXNativeTarget;
			buildConfigurationList = 170650E6253AEC0C004B4C9C /* Build configuration list for PBXNativeTarget "HealthCheck" */;
			buildPhases = (
				170650D3253AEC09004B4C9C /* Sources */,
				170650D4253AEC09004B4C9C /* Frameworks */,
				170650D5253AEC09004B4C9C /* Resources */,
			);
			buildRules = (
			);
			dependencies = (
			);
			name = HealthCheck;
			productName = HealthCheck;
			productReference = 170650D7253AEC09004B4C9C /* HealthCheck.app */;
			productType = "com.apple.product-type.application";
		};
/* End PBXNativeTarget section */

/* Begin PBXProject section */
		170650CF253AEC09004B4C9C /* Project object */ = {
			isa = PBXProject;
			attributes = {
				LastSwiftUpdateCheck = 1200;
				LastUpgradeCheck = 1200;
				TargetAttributes = {
					170650D6253AEC09004B4C9C = {
						CreatedOnToolsVersion = 12.0.1;
					};
				};
			};
			buildConfigurationList = 170650D2253AEC09004B4C9C /* Build configuration list for PBXProject "HealthCheck" */;
			compatibilityVersion = "Xcode 9.3";
			developmentRegion = en;
			hasScannedForEncodings = 0;
			knownRegions = (
				en,
				Base,
			);
			mainGroup = 170650CE253AEC09004B4C9C;
			productRefGroup = 170650D8253AEC09004B4C9C /* Products */;
			projectDirPath = "";
			projectRoot = "";
			targets = (
				170650D6253AEC09004B4C9C /* HealthCheck */,
			);
		};
/* End PBXProject section */

/* Begin PBXResourcesBuildPhase section */
		170650D5253AEC09004B4C9C /* Resources */ = {
			isa = PBXResourcesBuildPhase;
			buildActionMask = 2147483647;
			files = (
				170650E2253AEC0C004B4C9C /* Preview Assets.xcassets in Resources */,
				170650DF253AEC0C004B4C9C /* Assets.xcassets in Resources */,
			);
			runOnlyForDeploymentPostprocessing = 0;
		};
/* End PBXResourcesBuildPhase section */

/* Begin PBXSourcesBuildPhase section */
		170650D3253AEC09004B4C9C /* Sources */ = {
			isa = PBXSourcesBuildPhase;
			buildActionMask = 2147483647;
			files = (
				170650DD253AEC09004B4C9C /* HomeView.swift in Sources */,
				170650ED253AF205004B4C9C /* WelcomeView.swift in Sources */,
				17464B04253AFF740003E158 /* HealthKitHelper.swift in Sources */,
				170650DB253AEC09004B4C9C /* HealthCheckApp.swift in Sources */,
			);
			runOnlyForDeploymentPostprocessing = 0;
		};
/* End PBXSourcesBuildPhase section */

/* Begin XCBuildConfiguration section */
		170650E4253AEC0C004B4C9C /* Debug */ = {
			isa = XCBuildConfiguration;
			buildSettings = {
				ALWAYS_SEARCH_USER_PATHS = NO;
				CLANG_ANALYZER_NONNULL = YES;
				CLANG_ANALYZER_NUMBER_OBJECT_CONVERSION = YES_AGGRESSIVE;
				CLANG_CXX_LANGUAGE_STANDARD = "gnu++14";
				CLANG_CXX_LIBRARY = "libc++";
				CLANG_ENABLE_MODULES = YES;
				CLANG_ENABLE_OBJC_ARC = YES;
				CLANG_ENABLE_OBJC_WEAK = YES;
				CLANG_WARN_BLOCK_CAPTURE_AUTORELEASING = YES;
				CLANG_WARN_BOOL_CONVERSION = YES;
				CLANG_WARN_COMMA = YES;
				CLANG_WARN_CONSTANT_CONVERSION = YES;
				CLANG_WARN_DEPRECATED_OBJC_IMPLEMENTATIONS = YES;
				CLANG_WARN_DIRECT_OBJC_ISA_USAGE = YES_ERROR;
				CLANG_WARN_DOCUMENTATION_COMMENTS = YES;
				CLANG_WARN_EMPTY_BODY = YES;
				CLANG_WARN_ENUM_CONVERSION = YES;
				CLANG_WARN_INFINITE_RECURSION = YES;
				CLANG_WARN_INT_CONVERSION = YES;
				CLANG_WARN_NON_LITERAL_NULL_CONVERSION = YES;
				CLANG_WARN_OBJC_IMPLICIT_RETAIN_SELF = YES;
				CLANG_WARN_OBJC_LITERAL_CONVERSION = YES;
				CLANG_WARN_OBJC_ROOT_CLASS = YES_ERROR;
				CLANG_WARN_QUOTED_INCLUDE_IN_FRAMEWORK_HEADER = YES;
				CLANG_WARN_RANGE_LOOP_ANALYSIS = YES;
				CLANG_WARN_STRICT_PROTOTYPES = YES;
				CLANG_WARN_SUSPICIOUS_MOVE = YES;
				CLANG_WARN_UNGUARDED_AVAILABILITY = YES_AGGRESSIVE;
				CLANG_WARN_UNREACHABLE_CODE = YES;
				CLANG_WARN__DUPLICATE_METHOD_MATCH = YES;
				COPY_PHASE_STRIP = NO;
				DEBUG_INFORMATION_FORMAT = dwarf;
				ENABLE_STRICT_OBJC_MSGSEND = YES;
				ENABLE_TESTABILITY = YES;
				GCC_C_LANGUAGE_STANDARD = gnu11;
				GCC_DYNAMIC_NO_PIC = NO;
				GCC_NO_COMMON_BLOCKS = YES;
				GCC_OPTIMIZATION_LEVEL = 0;
				GCC_PREPROCESSOR_DEFINITIONS = (
					"DEBUG=1",
					"$(inherited)",
				);
				GCC_WARN_64_TO_32_BIT_CONVERSION = YES;
				GCC_WARN_ABOUT_RETURN_TYPE = YES_ERROR;
				GCC_WARN_UNDECLARED_SELECTOR = YES;
				GCC_WARN_UNINITIALIZED_AUTOS = YES_AGGRESSIVE;
				GCC_WARN_UNUSED_FUNCTION = YES;
				GCC_WARN_UNUSED_VARIABLE = YES;
				IPHONEOS_DEPLOYMENT_TARGET = 14.0;
				MTL_ENABLE_DEBUG_INFO = INCLUDE_SOURCE;
				MTL_FAST_MATH = YES;
				ONLY_ACTIVE_ARCH = YES;
				SDKROOT = iphoneos;
				SWIFT_ACTIVE_COMPILATION_CONDITIONS = DEBUG;
				SWIFT_OPTIMIZATION_LEVEL = "-Onone";
			};
			name = Debug;
		};
		170650E5253AEC0C004B4C9C /* Release */ = {
			isa = XCBuildConfiguration;
			buildSettings = {
				ALWAYS_SEARCH_USER_PATHS = NO;
				CLANG_ANALYZER_NONNULL = YES;
				CLANG_ANALYZER_NUMBER_OBJECT_CONVERSION = YES_AGGRESSIVE;
				CLANG_CXX_LANGUAGE_STANDARD = "gnu++14";
				CLANG_CXX_LIBRARY = "libc++";
				CLANG_ENABLE_MODULES = YES;
				CLANG_ENABLE_OBJC_ARC = YES;
				CLANG_ENABLE_OBJC_WEAK = YES;
				CLANG_WARN_BLOCK_CAPTURE_AUTORELEASING = YES;
				CLANG_WARN_BOOL_CONVERSION = YES;
				CLANG_WARN_COMMA = YES;
				CLANG_WARN_CONSTANT_CONVERSION = YES;
				CLANG_WARN_DEPRECATED_OBJC_IMPLEMENTATIONS = YES;
				CLANG_WARN_DIRECT_OBJC_ISA_USAGE = YES_ERROR;
				CLANG_WARN_DOCUMENTATION_COMMENTS = YES;
				CLANG_WARN_EMPTY_BODY = YES;
				CLANG_WARN_ENUM_CONVERSION = YES;
				CLANG_WARN_INFINITE_RECURSION = YES;
				CLANG_WARN_INT_CONVERSION = YES;
				CLANG_WARN_NON_LITERAL_NULL_CONVERSION = YES;
				CLANG_WARN_OBJC_IMPLICIT_RETAIN_SELF = YES;
				CLANG_WARN_OBJC_LITERAL_CONVERSION = YES;
				CLANG_WARN_OBJC_ROOT_CLASS = YES_ERROR;
				CLANG_WARN_QUOTED_INCLUDE_IN_FRAMEWORK_HEADER = YES;
				CLANG_WARN_RANGE_LOOP_ANALYSIS = YES;
				CLANG_WARN_STRICT_PROTOTYPES = YES;
				CLANG_WARN_SUSPICIOUS_MOVE = YES;
				CLANG_WARN_UNGUARDED_AVAILABILITY = YES_AGGRESSIVE;
				CLANG_WARN_UNREACHABLE_CODE = YES;
				CLANG_WARN__DUPLICATE_METHOD_MATCH = YES;
				COPY_PHASE_STRIP = NO;
				DEBUG_INFORMATION_FORMAT = "dwarf-with-dsym";
				ENABLE_NS_ASSERTIONS = NO;
				ENABLE_STRICT_OBJC_MSGSEND = YES;
				GCC_C_LANGUAGE_STANDARD = gnu11;
				GCC_NO_COMMON_BLOCKS = YES;
				GCC_WARN_64_TO_32_BIT_CONVERSION = YES;
				GCC_WARN_ABOUT_RETURN_TYPE = YES_ERROR;
				GCC_WARN_UNDECLARED_SELECTOR = YES;
				GCC_WARN_UNINITIALIZED_AUTOS = YES_AGGRESSIVE;
				GCC_WARN_UNUSED_FUNCTION = YES;
				GCC_WARN_UNUSED_VARIABLE = YES;
				IPHONEOS_DEPLOYMENT_TARGET = 14.0;
				MTL_ENABLE_DEBUG_INFO = NO;
				MTL_FAST_MATH = YES;
				SDKROOT = iphoneos;
				SWIFT_COMPILATION_MODE = wholemodule;
				SWIFT_OPTIMIZATION_LEVEL = "-O";
				VALIDATE_PRODUCT = YES;
			};
			name = Release;
		};
		170650E7253AEC0C004B4C9C /* Debug */ = {
			isa = XCBuildConfiguration;
			buildSettings = {
				ASSETCATALOG_COMPILER_APPICON_NAME = AppIcon;
				ASSETCATALOG_COMPILER_GLOBAL_ACCENT_COLOR_NAME = AccentColor;
				CODE_SIGN_ENTITLEMENTS = HealthCheck/HealthCheck.entitlements;
				CODE_SIGN_STYLE = Automatic;
				DEVELOPMENT_ASSET_PATHS = "\"HealthCheck/Preview Content\"";
				DEVELOPMENT_TEAM = JB4H896VDB;
				ENABLE_PREVIEWS = YES;
				INFOPLIST_FILE = HealthCheck/Info.plist;
				IPHONEOS_DEPLOYMENT_TARGET = 14.0;
				LD_RUNPATH_SEARCH_PATHS = (
					"$(inherited)",
					"@executable_path/Frameworks",
				);
				PRODUCT_BUNDLE_IDENTIFIER = com.omer.HealthCheck;
				PRODUCT_NAME = "$(TARGET_NAME)";
				SWIFT_VERSION = 5.0;
				TARGETED_DEVICE_FAMILY = "1,2";
			};
			name = Debug;
		};
		170650E8253AEC0C004B4C9C /* Release */ = {
			isa = XCBuildConfiguration;
			buildSettings = {
				ASSETCATALOG_COMPILER_APPICON_NAME = AppIcon;
				ASSETCATALOG_COMPILER_GLOBAL_ACCENT_COLOR_NAME = AccentColor;
				CODE_SIGN_ENTITLEMENTS = HealthCheck/HealthCheck.entitlements;
				CODE_SIGN_STYLE = Automatic;
				DEVELOPMENT_ASSET_PATHS = "\"HealthCheck/Preview Content\"";
				DEVELOPMENT_TEAM = JB4H896VDB;
				ENABLE_PREVIEWS = YES;
				INFOPLIST_FILE = HealthCheck/Info.plist;
				IPHONEOS_DEPLOYMENT_TARGET = 14.0;
				LD_RUNPATH_SEARCH_PATHS = (
					"$(inherited)",
					"@executable_path/Frameworks",
				);
				PRODUCT_BUNDLE_IDENTIFIER = com.omer.HealthCheck;
				PRODUCT_NAME = "$(TARGET_NAME)";
				SWIFT_VERSION = 5.0;
				TARGETED_DEVICE_FAMILY = "1,2";
			};
			name = Release;
		};
/* End XCBuildConfiguration section */

/* Begin XCConfigurationList section */
		170650D2253AEC09004B4C9C /* Build configuration list for PBXProject "HealthCheck" */ = {
			isa = XCConfigurationList;
			buildConfigurations = (
				170650E4253AEC0C004B4C9C /* Debug */,
				170650E5253AEC0C004B4C9C /* Release */,
			);
			defaultConfigurationIsVisible = 0;
			defaultConfigurationName = Release;
		};
		170650E6253AEC0C004B4C9C /* Build configuration list for PBXNativeTarget "HealthCheck" */ = {
			isa = XCConfigurationList;
			buildConfigurations = (
				170650E7253AEC0C004B4C9C /* Debug */,
				170650E8253AEC0C004B4C9C /* Release */,
			);
			defaultConfigurationIsVisible = 0;
			defaultConfigurationName = Release;
		};
/* End XCConfigurationList section */
	};
	rootObject = 170650CF253AEC09004B4C9C /* Project object */;
}
